// !$*UTF8*$!
{
	archiveVersion = 1;
	classes = {
	};
	objectVersion = 56;
	objects = {

/* Begin PBXBuildFile section */
		28BBB12F2A5E8E2A003183B7 /* AppDelegate.swift in Sources */ = {isa = PBXBuildFile; fileRef = 28BBB12E2A5E8E2A003183B7 /* AppDelegate.swift */; };
		28BBB1312A5E8E2A003183B7 /* SceneDelegate.swift in Sources */ = {isa = PBXBuildFile; fileRef = 28BBB1302A5E8E2A003183B7 /* SceneDelegate.swift */; };
		28BBB1332A5E8E2A003183B7 /* ViewController.swift in Sources */ = {isa = PBXBuildFile; fileRef = 28BBB1322A5E8E2A003183B7 /* ViewController.swift */; };
		28BBB1362A5E8E2A003183B7 /* Main.storyboard in Resources */ = {isa = PBXBuildFile; fileRef = 28BBB1342A5E8E2A003183B7 /* Main.storyboard */; };
		28BBB1382A5E8E2C003183B7 /* Assets.xcassets in Resources */ = {isa = PBXBuildFile; fileRef = 28BBB1372A5E8E2C003183B7 /* Assets.xcassets */; };
		28BBB13B2A5E8E2C003183B7 /* LaunchScreen.storyboard in Resources */ = {isa = PBXBuildFile; fileRef = 28BBB1392A5E8E2C003183B7 /* LaunchScreen.storyboard */; };
		8C2223C5D3C2E9A2BB294FDE /* Pods_SNSTodoApp.framework in Frameworks */ = {isa = PBXBuildFile; fileRef = 8E970818441431855DA0E74F /* Pods_SNSTodoApp.framework */; };
/* End PBXBuildFile section */

/* Begin PBXFileReference section */
		1A4FEB1D644B6C503D879CE7 /* Pods-SNSTodoApp.debug.xcconfig */ = {isa = PBXFileReference; includeInIndex = 1; lastKnownFileType = text.xcconfig; name = "Pods-SNSTodoApp.debug.xcconfig"; path = "Target Support Files/Pods-SNSTodoApp/Pods-SNSTodoApp.debug.xcconfig"; sourceTree = "<group>"; };
		28BBB12B2A5E8E2A003183B7 /* SNSTodoApp.app */ = {isa = PBXFileReference; explicitFileType = wrapper.application; includeInIndex = 0; path = SNSTodoApp.app; sourceTree = BUILT_PRODUCTS_DIR; };
		28BBB12E2A5E8E2A003183B7 /* AppDelegate.swift */ = {isa = PBXFileReference; lastKnownFileType = sourcecode.swift; path = AppDelegate.swift; sourceTree = "<group>"; };
		28BBB1302A5E8E2A003183B7 /* SceneDelegate.swift */ = {isa = PBXFileReference; lastKnownFileType = sourcecode.swift; path = SceneDelegate.swift; sourceTree = "<group>"; };
		28BBB1322A5E8E2A003183B7 /* ViewController.swift */ = {isa = PBXFileReference; lastKnownFileType = sourcecode.swift; path = ViewController.swift; sourceTree = "<group>"; };
		28BBB1352A5E8E2A003183B7 /* Base */ = {isa = PBXFileReference; lastKnownFileType = file.storyboard; name = Base; path = Base.lproj/Main.storyboard; sourceTree = "<group>"; };
		28BBB1372A5E8E2C003183B7 /* Assets.xcassets */ = {isa = PBXFileReference; lastKnownFileType = folder.assetcatalog; path = Assets.xcassets; sourceTree = "<group>"; };
		28BBB13A2A5E8E2C003183B7 /* Base */ = {isa = PBXFileReference; lastKnownFileType = file.storyboard; name = Base; path = Base.lproj/LaunchScreen.storyboard; sourceTree = "<group>"; };
		28BBB13C2A5E8E2C003183B7 /* Info.plist */ = {isa = PBXFileReference; lastKnownFileType = text.plist.xml; path = Info.plist; sourceTree = "<group>"; };
		8069DF0697458A4D38EF3FF4 /* Pods-SNSTodoApp.release.xcconfig */ = {isa = PBXFileReference; includeInIndex = 1; lastKnownFileType = text.xcconfig; name = "Pods-SNSTodoApp.release.xcconfig"; path = "Target Support Files/Pods-SNSTodoApp/Pods-SNSTodoApp.release.xcconfig"; sourceTree = "<group>"; };
		8E970818441431855DA0E74F /* Pods_SNSTodoApp.framework */ = {isa = PBXFileReference; explicitFileType = wrapper.framework; includeInIndex = 0; path = Pods_SNSTodoApp.framework; sourceTree = BUILT_PRODUCTS_DIR; };
/* End PBXFileReference section */

/* Begin PBXFrameworksBuildPhase section */
		28BBB1282A5E8E2A003183B7 /* Frameworks */ = {
			isa = PBXFrameworksBuildPhase;
			buildActionMask = 2147483647;
			files = (
				8C2223C5D3C2E9A2BB294FDE /* Pods_SNSTodoApp.framework in Frameworks */,
			);
			runOnlyForDeploymentPostprocessing = 0;
		};
/* End PBXFrameworksBuildPhase section */

/* Begin PBXGroup section */
		18C1789C45814F1D4E070FE3 /* Pods */ = {
			isa = PBXGroup;
			children = (
				1A4FEB1D644B6C503D879CE7 /* Pods-SNSTodoApp.debug.xcconfig */,
				8069DF0697458A4D38EF3FF4 /* Pods-SNSTodoApp.release.xcconfig */,
			);
			name = Pods;
			path = Pods;
			sourceTree = "<group>";
		};
		28BBB1222A5E8E2A003183B7 = {
			isa = PBXGroup;
			children = (
				28BBB12D2A5E8E2A003183B7 /* SNSTodoApp */,
				28BBB12C2A5E8E2A003183B7 /* Products */,
				18C1789C45814F1D4E070FE3 /* Pods */,
				38127F083D41828984BE837F /* Frameworks */,
			);
			sourceTree = "<group>";
		};
		28BBB12C2A5E8E2A003183B7 /* Products */ = {
			isa = PBXGroup;
			children = (
				28BBB12B2A5E8E2A003183B7 /* SNSTodoApp.app */,
			);
			name = Products;
			sourceTree = "<group>";
		};
		28BBB12D2A5E8E2A003183B7 /* SNSTodoApp */ = {
			isa = PBXGroup;
			children = (
				28BBB12E2A5E8E2A003183B7 /* AppDelegate.swift */,
				28BBB1302A5E8E2A003183B7 /* SceneDelegate.swift */,
				28BBB1322A5E8E2A003183B7 /* ViewController.swift */,
				28BBB1342A5E8E2A003183B7 /* Main.storyboard */,
				28BBB1372A5E8E2C003183B7 /* Assets.xcassets */,
				28BBB1392A5E8E2C003183B7 /* LaunchScreen.storyboard */,
				28BBB13C2A5E8E2C003183B7 /* Info.plist */,
			);
			path = SNSTodoApp;
			sourceTree = "<group>";
		};
		38127F083D41828984BE837F /* Frameworks */ = {
			isa = PBXGroup;
			children = (
				8E970818441431855DA0E74F /* Pods_SNSTodoApp.framework */,
			);
			name = Frameworks;
			sourceTree = "<group>";
		};
/* End PBXGroup section */

/* Begin PBXNativeTarget section */
		28BBB12A2A5E8E2A003183B7 /* SNSTodoApp */ = {
			isa = PBXNativeTarget;
			buildConfigurationList = 28BBB13F2A5E8E2C003183B7 /* Build configuration list for PBXNativeTarget "SNSTodoApp" */;
			buildPhases = (
				5B5EDEAFB58834D9C10D3725 /* [CP] Check Pods Manifest.lock */,
				28BBB1272A5E8E2A003183B7 /* Sources */,
				28BBB1282A5E8E2A003183B7 /* Frameworks */,
				28BBB1292A5E8E2A003183B7 /* Resources */,
				D79A875BEC141EE81355FDC3 /* [CP] Embed Pods Frameworks */,
			);
			buildRules = (
			);
			dependencies = (
			);
			name = SNSTodoApp;
			productName = SNSTodoApp;
			productReference = 28BBB12B2A5E8E2A003183B7 /* SNSTodoApp.app */;
			productType = "com.apple.product-type.application";
		};
/* End PBXNativeTarget section */

/* Begin PBXProject section */
		28BBB1232A5E8E2A003183B7 /* Project object */ = {
			isa = PBXProject;
			attributes = {
				BuildIndependentTargetsInParallel = 1;
				LastSwiftUpdateCheck = 1430;
				LastUpgradeCheck = 1430;
				TargetAttributes = {
					28BBB12A2A5E8E2A003183B7 = {
						CreatedOnToolsVersion = 14.3.1;
					};
				};
			};
			buildConfigurationList = 28BBB1262A5E8E2A003183B7 /* Build configuration list for PBXProject "SNSTodoApp" */;
			compatibilityVersion = "Xcode 14.0";
			developmentRegion = en;
			hasScannedForEncodings = 0;
			knownRegions = (
				en,
				Base,
			);
			mainGroup = 28BBB1222A5E8E2A003183B7;
			productRefGroup = 28BBB12C2A5E8E2A003183B7 /* Products */;
			projectDirPath = "";
			projectRoot = "";
			targets = (
				28BBB12A2A5E8E2A003183B7 /* SNSTodoApp */,
			);
		};
/* End PBXProject section */

/* Begin PBXResourcesBuildPhase section */
		28BBB1292A5E8E2A003183B7 /* Resources */ = {
			isa = PBXResourcesBuildPhase;
			buildActionMask = 2147483647;
			files = (
				28BBB13B2A5E8E2C003183B7 /* LaunchScreen.storyboard in Resources */,
				28BBB1382A5E8E2C003183B7 /* Assets.xcassets in Resources */,
				28BBB1362A5E8E2A003183B7 /* Main.storyboard in Resources */,
			);
			runOnlyForDeploymentPostprocessing = 0;
		};
/* End PBXResourcesBuildPhase section */

/* Begin PBXShellScriptBuildPhase section */
		5B5EDEAFB58834D9C10D3725 /* [CP] Check Pods Manifest.lock */ = {
			isa = PBXShellScriptBuildPhase;
			buildActionMask = 2147483647;
			files = (
			);
			inputFileListPaths = (
			);
			inputPaths = (
				"${PODS_PODFILE_DIR_PATH}/Podfile.lock",
				"${PODS_ROOT}/Manifest.lock",
			);
			name = "[CP] Check Pods Manifest.lock";
			outputFileListPaths = (
			);
			outputPaths = (
				"$(DERIVED_FILE_DIR)/Pods-SNSTodoApp-checkManifestLockResult.txt",
			);
			runOnlyForDeploymentPostprocessing = 0;
			shellPath = /bin/sh;
			shellScript = "diff \"${PODS_PODFILE_DIR_PATH}/Podfile.lock\" \"${PODS_ROOT}/Manifest.lock\" > /dev/null\nif [ $? != 0 ] ; then\n    # print error to STDERR\n    echo \"error: The sandbox is not in sync with the Podfile.lock. Run 'pod install' or update your CocoaPods installation.\" >&2\n    exit 1\nfi\n# This output is used by Xcode 'outputs' to avoid re-running this script phase.\necho \"SUCCESS\" > \"${SCRIPT_OUTPUT_FILE_0}\"\n";
			showEnvVarsInLog = 0;
		};
		D79A875BEC141EE81355FDC3 /* [CP] Embed Pods Frameworks */ = {
			isa = PBXShellScriptBuildPhase;
			buildActionMask = 2147483647;
			files = (
			);
			inputFileListPaths = (
				"${PODS_ROOT}/Target Support Files/Pods-SNSTodoApp/Pods-SNSTodoApp-frameworks-${CONFIGURATION}-input-files.xcfilelist",
			);
			name = "[CP] Embed Pods Frameworks";
			outputFileListPaths = (
				"${PODS_ROOT}/Target Support Files/Pods-SNSTodoApp/Pods-SNSTodoApp-frameworks-${CONFIGURATION}-output-files.xcfilelist",
			);
			runOnlyForDeploymentPostprocessing = 0;
			shellPath = /bin/sh;
			shellScript = "\"${PODS_ROOT}/Target Support Files/Pods-SNSTodoApp/Pods-SNSTodoApp-frameworks.sh\"\n";
			showEnvVarsInLog = 0;
		};
/* End PBXShellScriptBuildPhase section */

/* Begin PBXSourcesBuildPhase section */
		28BBB1272A5E8E2A003183B7 /* Sources */ = {
			isa = PBXSourcesBuildPhase;
			buildActionMask = 2147483647;
			files = (
				28BBB1332A5E8E2A003183B7 /* ViewController.swift in Sources */,
				28BBB12F2A5E8E2A003183B7 /* AppDelegate.swift in Sources */,
				28BBB1312A5E8E2A003183B7 /* SceneDelegate.swift in Sources */,
			);
			runOnlyForDeploymentPostprocessing = 0;
		};
/* End PBXSourcesBuildPhase section */

/* Begin PBXVariantGroup section */
		28BBB1342A5E8E2A003183B7 /* Main.storyboard */ = {
			isa = PBXVariantGroup;
			children = (
				28BBB1352A5E8E2A003183B7 /* Base */,
			);
			name = Main.storyboard;
			sourceTree = "<group>";
		};
		28BBB1392A5E8E2C003183B7 /* LaunchScreen.storyboard */ = {
			isa = PBXVariantGroup;
			children = (
				28BBB13A2A5E8E2C003183B7 /* Base */,
			);
			name = LaunchScreen.storyboard;
			sourceTree = "<group>";
		};
/* End PBXVariantGroup section */

/* Begin XCBuildConfiguration section */
		28BBB13D2A5E8E2C003183B7 /* Debug */ = {
			isa = XCBuildConfiguration;
			buildSettings = {
				ALWAYS_SEARCH_USER_PATHS = NO;
				CLANG_ANALYZER_NONNULL = YES;
				CLANG_ANALYZER_NUMBER_OBJECT_CONVERSION = YES_AGGRESSIVE;
				CLANG_CXX_LANGUAGE_STANDARD = "gnu++20";
				CLANG_ENABLE_MODULES = YES;
				CLANG_ENABLE_OBJC_ARC = YES;
				CLANG_ENABLE_OBJC_WEAK = YES;
				CLANG_WARN_BLOCK_CAPTURE_AUTORELEASING = YES;
				CLANG_WARN_BOOL_CONVERSION = YES;
				CLANG_WARN_COMMA = YES;
				CLANG_WARN_CONSTANT_CONVERSION = YES;
				CLANG_WARN_DEPRECATED_OBJC_IMPLEMENTATIONS = YES;
				CLANG_WARN_DIRECT_OBJC_ISA_USAGE = YES_ERROR;
				CLANG_WARN_DOCUMENTATION_COMMENTS = YES;
				CLANG_WARN_EMPTY_BODY = YES;
				CLANG_WARN_ENUM_CONVERSION = YES;
				CLANG_WARN_INFINITE_RECURSION = YES;
				CLANG_WARN_INT_CONVERSION = YES;
				CLANG_WARN_NON_LITERAL_NULL_CONVERSION = YES;
				CLANG_WARN_OBJC_IMPLICIT_RETAIN_SELF = YES;
				CLANG_WARN_OBJC_LITERAL_CONVERSION = YES;
				CLANG_WARN_OBJC_ROOT_CLASS = YES_ERROR;
				CLANG_WARN_QUOTED_INCLUDE_IN_FRAMEWORK_HEADER = YES;
				CLANG_WARN_RANGE_LOOP_ANALYSIS = YES;
				CLANG_WARN_STRICT_PROTOTYPES = YES;
				CLANG_WARN_SUSPICIOUS_MOVE = YES;
				CLANG_WARN_UNGUARDED_AVAILABILITY = YES_AGGRESSIVE;
				CLANG_WARN_UNREACHABLE_CODE = YES;
				CLANG_WARN__DUPLICATE_METHOD_MATCH = YES;
				COPY_PHASE_STRIP = NO;
				DEBUG_INFORMATION_FORMAT = dwarf;
				ENABLE_STRICT_OBJC_MSGSEND = YES;
				ENABLE_TESTABILITY = YES;
				GCC_C_LANGUAGE_STANDARD = gnu11;
				GCC_DYNAMIC_NO_PIC = NO;
				GCC_NO_COMMON_BLOCKS = YES;
				GCC_OPTIMIZATION_LEVEL = 0;
				GCC_PREPROCESSOR_DEFINITIONS = (
					"DEBUG=1",
					"$(inherited)",
				);
				GCC_WARN_64_TO_32_BIT_CONVERSION = YES;
				GCC_WARN_ABOUT_RETURN_TYPE = YES_ERROR;
				GCC_WARN_UNDECLARED_SELECTOR = YES;
				GCC_WARN_UNINITIALIZED_AUTOS = YES_AGGRESSIVE;
				GCC_WARN_UNUSED_FUNCTION = YES;
				GCC_WARN_UNUSED_VARIABLE = YES;
				IPHONEOS_DEPLOYMENT_TARGET = 16.4;
				MTL_ENABLE_DEBUG_INFO = INCLUDE_SOURCE;
				MTL_FAST_MATH = YES;
				ONLY_ACTIVE_ARCH = YES;
				SDKROOT = iphoneos;
				SWIFT_ACTIVE_COMPILATION_CONDITIONS = DEBUG;
				SWIFT_OPTIMIZATION_LEVEL = "-Onone";
			};
			name = Debug;
		};
		28BBB13E2A5E8E2C003183B7 /* Release */ = {
			isa = XCBuildConfiguration;
			buildSettings = {
				ALWAYS_SEARCH_USER_PATHS = NO;
				CLANG_ANALYZER_NONNULL = YES;
				CLANG_ANALYZER_NUMBER_OBJECT_CONVERSION = YES_AGGRESSIVE;
				CLANG_CXX_LANGUAGE_STANDARD = "gnu++20";
				CLANG_ENABLE_MODULES = YES;
				CLANG_ENABLE_OBJC_ARC = YES;
				CLANG_ENABLE_OBJC_WEAK = YES;
				CLANG_WARN_BLOCK_CAPTURE_AUTORELEASING = YES;
				CLANG_WARN_BOOL_CONVERSION = YES;
				CLANG_WARN_COMMA = YES;
				CLANG_WARN_CONSTANT_CONVERSION = YES;
				CLANG_WARN_DEPRECATED_OBJC_IMPLEMENTATIONS = YES;
				CLANG_WARN_DIRECT_OBJC_ISA_USAGE = YES_ERROR;
				CLANG_WARN_DOCUMENTATION_COMMENTS = YES;
				CLANG_WARN_EMPTY_BODY = YES;
				CLANG_WARN_ENUM_CONVERSION = YES;
				CLANG_WARN_INFINITE_RECURSION = YES;
				CLANG_WARN_INT_CONVERSION = YES;
				CLANG_WARN_NON_LITERAL_NULL_CONVERSION = YES;
				CLANG_WARN_OBJC_IMPLICIT_RETAIN_SELF = YES;
				CLANG_WARN_OBJC_LITERAL_CONVERSION = YES;
				CLANG_WARN_OBJC_ROOT_CLASS = YES_ERROR;
				CLANG_WARN_QUOTED_INCLUDE_IN_FRAMEWORK_HEADER = YES;
				CLANG_WARN_RANGE_LOOP_ANALYSIS = YES;
				CLANG_WARN_STRICT_PROTOTYPES = YES;
				CLANG_WARN_SUSPICIOUS_MOVE = YES;
				CLANG_WARN_UNGUARDED_AVAILABILITY = YES_AGGRESSIVE;
				CLANG_WARN_UNREACHABLE_CODE = YES;
				CLANG_WARN__DUPLICATE_METHOD_MATCH = YES;
				COPY_PHASE_STRIP = NO;
				DEBUG_INFORMATION_FORMAT = "dwarf-with-dsym";
				ENABLE_NS_ASSERTIONS = NO;
				ENABLE_STRICT_OBJC_MSGSEND = YES;
				GCC_C_LANGUAGE_STANDARD = gnu11;
				GCC_NO_COMMON_BLOCKS = YES;
				GCC_WARN_64_TO_32_BIT_CONVERSION = YES;
				GCC_WARN_ABOUT_RETURN_TYPE = YES_ERROR;
				GCC_WARN_UNDECLARED_SELECTOR = YES;
				GCC_WARN_UNINITIALIZED_AUTOS = YES_AGGRESSIVE;
				GCC_WARN_UNUSED_FUNCTION = YES;
				GCC_WARN_UNUSED_VARIABLE = YES;
				IPHONEOS_DEPLOYMENT_TARGET = 16.4;
				MTL_ENABLE_DEBUG_INFO = NO;
				MTL_FAST_MATH = YES;
				SDKROOT = iphoneos;
				SWIFT_COMPILATION_MODE = wholemodule;
				SWIFT_OPTIMIZATION_LEVEL = "-O";
				VALIDATE_PRODUCT = YES;
			};
			name = Release;
		};
		28BBB1402A5E8E2C003183B7 /* Debug */ = {
			isa = XCBuildConfiguration;
			baseConfigurationReference = 1A4FEB1D644B6C503D879CE7 /* Pods-SNSTodoApp.debug.xcconfig */;
			buildSettings = {
				ASSETCATALOG_COMPILER_APPICON_NAME = AppIcon;
				ASSETCATALOG_COMPILER_GLOBAL_ACCENT_COLOR_NAME = AccentColor;
				CODE_SIGN_STYLE = Automatic;
				CURRENT_PROJECT_VERSION = 1;
				DEVELOPMENT_TEAM = 6YZVGHXP9V;
				GENERATE_INFOPLIST_FILE = YES;
				INFOPLIST_FILE = SNSTodoApp/Info.plist;
				INFOPLIST_KEY_UIApplicationSupportsIndirectInputEvents = YES;
				INFOPLIST_KEY_UILaunchStoryboardName = LaunchScreen;
				INFOPLIST_KEY_UIMainStoryboardFile = Main;
				INFOPLIST_KEY_UISupportedInterfaceOrientations_iPad = "UIInterfaceOrientationPortrait UIInterfaceOrientationPortraitUpsideDown UIInterfaceOrientationLandscapeLeft UIInterfaceOrientationLandscapeRight";
				INFOPLIST_KEY_UISupportedInterfaceOrientations_iPhone = "UIInterfaceOrientationPortrait UIInterfaceOrientationLandscapeLeft UIInterfaceOrientationLandscapeRight";
				LD_RUNPATH_SEARCH_PATHS = (
					"$(inherited)",
					"@executable_path/Frameworks",
				);
				MARKETING_VERSION = 1.0;
				PRODUCT_BUNDLE_IDENTIFIER = "com.gmail-dazzledazzleb.SNSTodoApp";
				PRODUCT_NAME = "$(TARGET_NAME)";
				SWIFT_EMIT_LOC_STRINGS = YES;
				SWIFT_VERSION = 5.0;
				TARGETED_DEVICE_FAMILY = "1,2";
			};
			name = Debug;
		};
		28BBB1412A5E8E2C003183B7 /* Release */ = {
			isa = XCBuildConfiguration;
			baseConfigurationReference = 8069DF0697458A4D38EF3FF4 /* Pods-SNSTodoApp.release.xcconfig */;
			buildSettings = {
				ASSETCATALOG_COMPILER_APPICON_NAME = AppIcon;
				ASSETCATALOG_COMPILER_GLOBAL_ACCENT_COLOR_NAME = AccentColor;
				CODE_SIGN_STYLE = Automatic;
				CURRENT_PROJECT_VERSION = 1;
				DEVELOPMENT_TEAM = 6YZVGHXP9V;
				GENERATE_INFOPLIST_FILE = YES;
				INFOPLIST_FILE = SNSTodoApp/Info.plist;
				INFOPLIST_KEY_UIApplicationSupportsIndirectInputEvents = YES;
				INFOPLIST_KEY_UILaunchStoryboardName = LaunchScreen;
				INFOPLIST_KEY_UIMainStoryboardFile = Main;
				INFOPLIST_KEY_UISupportedInterfaceOrientations_iPad = "UIInterfaceOrientationPortrait UIInterfaceOrientationPortraitUpsideDown UIInterfaceOrientationLandscapeLeft UIInterfaceOrientationLandscapeRight";
				INFOPLIST_KEY_UISupportedInterfaceOrientations_iPhone = "UIInterfaceOrientationPortrait UIInterfaceOrientationLandscapeLeft UIInterfaceOrientationLandscapeRight";
				LD_RUNPATH_SEARCH_PATHS = (
					"$(inherited)",
					"@executable_path/Frameworks",
				);
				MARKETING_VERSION = 1.0;
				PRODUCT_BUNDLE_IDENTIFIER = "com.gmail-dazzledazzleb.SNSTodoApp";
				PRODUCT_NAME = "$(TARGET_NAME)";
				SWIFT_EMIT_LOC_STRINGS = YES;
				SWIFT_VERSION = 5.0;
				TARGETED_DEVICE_FAMILY = "1,2";
			};
			name = Release;
		};
/* End XCBuildConfiguration section */

/* Begin XCConfigurationList section */
		28BBB1262A5E8E2A003183B7 /* Build configuration list for PBXProject "SNSTodoApp" */ = {
			isa = XCConfigurationList;
			buildConfigurations = (
				28BBB13D2A5E8E2C003183B7 /* Debug */,
				28BBB13E2A5E8E2C003183B7 /* Release */,
			);
			defaultConfigurationIsVisible = 0;
			defaultConfigurationName = Release;
		};
		28BBB13F2A5E8E2C003183B7 /* Build configuration list for PBXNativeTarget "SNSTodoApp" */ = {
			isa = XCConfigurationList;
			buildConfigurations = (
				28BBB1402A5E8E2C003183B7 /* Debug */,
				28BBB1412A5E8E2C003183B7 /* Release */,
			);
			defaultConfigurationIsVisible = 0;
			defaultConfigurationName = Release;
		};
/* End XCConfigurationList section */
	};
	rootObject = 28BBB1232A5E8E2A003183B7 /* Project object */;
}
